
Microsoft Visual Studio Solution File, Format Version 12.00
# Visual Studio Version 17
VisualStudioVersion = 17.11.35312.102
MinimumVisualStudioVersion = 10.0.40219.1
Project("{FAE04EC0-301F-11D3-BF4B-00C04F79EFBC}") = "Lab4", "Lab4\Lab4.csproj", "{B175F98F-60C4-4297-8CB9-1BE717FA10CB}"
EndProject
Global
	GlobalSection(SolutionConfigurationPlatforms) = preSolution
		Debug|Any CPU = Debug|Any CPU
		Release|Any CPU = Release|Any CPU
	EndGlobalSection
	GlobalSection(ProjectConfigurationPlatforms) = postSolution
		{B175F98F-60C4-4297-8CB9-1BE717FA10CB}.Debug|Any CPU.ActiveCfg = Debug|Any CPU
		{B175F98F-60C4-4297-8CB9-1BE717FA10CB}.Debug|Any CPU.Build.0 = Debug|Any CPU
		{B175F98F-60C4-4297-8CB9-1BE717FA10CB}.Release|Any CPU.ActiveCfg = Release|Any CPU
		{B175F98F-60C4-4297-8CB9-1BE717FA10CB}.Release|Any CPU.Build.0 = Release|Any CPU
	EndGlobalSection
	GlobalSection(SolutionProperties) = preSolution
		HideSolutionNode = FALSE
	EndGlobalSection
	GlobalSection(ExtensibilityGlobals) = postSolution
		SolutionGuid = {BFCE10FB-B477-4F6E-A498-0E6E622FB101}
	EndGlobalSection
EndGlobal
